
Microsoft Visual Studio Solution File, Format Version 12.00
# Visual Studio Version 17
VisualStudioVersion = 17.5.002.0
MinimumVisualStudioVersion = 10.0.40219.1
Project("{9A19103F-16F7-4668-BE54-9A1E7A4F7556}") = "carApp", "carApp.csproj", "{1E44EA28-A5FF-43F3-BBF3-A6D284A694FF}"
EndProject
Global
	GlobalSection(SolutionConfigurationPlatforms) = preSolution
		Debug|Any CPU = Debug|Any CPU
		Release|Any CPU = Release|Any CPU
	EndGlobalSection
	GlobalSection(ProjectConfigurationPlatforms) = postSolution
		{1E44EA28-A5FF-43F3-BBF3-A6D284A694FF}.Debug|Any CPU.ActiveCfg = Debug|Any CPU
		{1E44EA28-A5FF-43F3-BBF3-A6D284A694FF}.Debug|Any CPU.Build.0 = Debug|Any CPU
		{1E44EA28-A5FF-43F3-BBF3-A6D284A694FF}.Release|Any CPU.ActiveCfg = Release|Any CPU
		{1E44EA28-A5FF-43F3-BBF3-A6D284A694FF}.Release|Any CPU.Build.0 = Release|Any CPU
	EndGlobalSection
	GlobalSection(SolutionProperties) = preSolution
		HideSolutionNode = FALSE
	EndGlobalSection
	GlobalSection(ExtensibilityGlobals) = postSolution
		SolutionGuid = {FFC45AC3-25BB-45A8-BA2F-65C6F2FAD54F}
	EndGlobalSection
EndGlobal
